
Microsoft Visual Studio Solution File, Format Version 12.00
# Visual Studio Version 17
VisualStudioVersion = 17.2.32526.322
MinimumVisualStudioVersion = 10.0.40219.1
Project("{FAE04EC0-301F-11D3-BF4B-00C04F79EFBC}") = "ArenaBattle", "ArenaBattle\ArenaBattle.csproj", "{FA4FD006-37C8-4DA8-8A14-439EB99A130E}"
EndProject
Global
	GlobalSection(SolutionConfigurationPlatforms) = preSolution
		Debug|Any CPU = Debug|Any CPU
		Release|Any CPU = Release|Any CPU
	EndGlobalSection
	GlobalSection(ProjectConfigurationPlatforms) = postSolution
		{FA4FD006-37C8-4DA8-8A14-439EB99A130E}.Debug|Any CPU.ActiveCfg = Debug|Any CPU
		{FA4FD006-37C8-4DA8-8A14-439EB99A130E}.Debug|Any CPU.Build.0 = Debug|Any CPU
		{FA4FD006-37C8-4DA8-8A14-439EB99A130E}.Release|Any CPU.ActiveCfg = Release|Any CPU
		{FA4FD006-37C8-4DA8-8A14-439EB99A130E}.Release|Any CPU.Build.0 = Release|Any CPU
	EndGlobalSection
	GlobalSection(SolutionProperties) = preSolution
		HideSolutionNode = FALSE
	EndGlobalSection
	GlobalSection(ExtensibilityGlobals) = postSolution
		SolutionGuid = {C8899805-6DDA-405F-A128-D4462DEB482C}
	EndGlobalSection
EndGlobal
